
Microsoft Visual Studio Solution File, Format Version 12.00
# Visual Studio 15
VisualStudioVersion = 15.0.28307.136
MinimumVisualStudioVersion = 10.0.40219.1
Project("{FAE04EC0-301F-11D3-BF4B-00C04F79EFBC}") = "WebChat", "WebChat\WebChat.csproj", "{A25024D5-B586-4FC0-916D-1F2AE15AD3CF}"
EndProject
Project("{FAE04EC0-301F-11D3-BF4B-00C04F79EFBC}") = "Models", "Models\Models.csproj", "{7F46D429-F8F0-45DA-A194-DE395784E8A4}"
EndProject
Project("{FAE04EC0-301F-11D3-BF4B-00C04F79EFBC}") = "Data", "Data\Data.csproj", "{80E23514-B236-4405-AC50-E49495971E4D}"
EndProject
Project("{FAE04EC0-301F-11D3-BF4B-00C04F79EFBC}") = "Services", "Services\Services.csproj", "{3D56E0AB-E198-4EAB-8344-777A8CDC282C}"
EndProject
Project("{FAE04EC0-301F-11D3-BF4B-00C04F79EFBC}") = "ViewModels", "ViewModels\ViewModels.csproj", "{13F4C430-48EE-4F7C-B7AB-8F0FEBF2AC58}"
EndProject
Global
	GlobalSection(SolutionConfigurationPlatforms) = preSolution
		Debug|Any CPU = Debug|Any CPU
		Release|Any CPU = Release|Any CPU
	EndGlobalSection
	GlobalSection(ProjectConfigurationPlatforms) = postSolution
		{A25024D5-B586-4FC0-916D-1F2AE15AD3CF}.Debug|Any CPU.ActiveCfg = Debug|Any CPU
		{A25024D5-B586-4FC0-916D-1F2AE15AD3CF}.Debug|Any CPU.Build.0 = Debug|Any CPU
		{A25024D5-B586-4FC0-916D-1F2AE15AD3CF}.Release|Any CPU.ActiveCfg = Release|Any CPU
		{A25024D5-B586-4FC0-916D-1F2AE15AD3CF}.Release|Any CPU.Build.0 = Release|Any CPU
		{7F46D429-F8F0-45DA-A194-DE395784E8A4}.Debug|Any CPU.ActiveCfg = Debug|Any CPU
		{7F46D429-F8F0-45DA-A194-DE395784E8A4}.Debug|Any CPU.Build.0 = Debug|Any CPU
		{7F46D429-F8F0-45DA-A194-DE395784E8A4}.Release|Any CPU.ActiveCfg = Release|Any CPU
		{7F46D429-F8F0-45DA-A194-DE395784E8A4}.Release|Any CPU.Build.0 = Release|Any CPU
		{80E23514-B236-4405-AC50-E49495971E4D}.Debug|Any CPU.ActiveCfg = Debug|Any CPU
		{80E23514-B236-4405-AC50-E49495971E4D}.Debug|Any CPU.Build.0 = Debug|Any CPU
		{80E23514-B236-4405-AC50-E49495971E4D}.Release|Any CPU.ActiveCfg = Release|Any CPU
		{80E23514-B236-4405-AC50-E49495971E4D}.Release|Any CPU.Build.0 = Release|Any CPU
		{3D56E0AB-E198-4EAB-8344-777A8CDC282C}.Debug|Any CPU.ActiveCfg = Debug|Any CPU
		{3D56E0AB-E198-4EAB-8344-777A8CDC282C}.Debug|Any CPU.Build.0 = Debug|Any CPU
		{3D56E0AB-E198-4EAB-8344-777A8CDC282C}.Release|Any CPU.ActiveCfg = Release|Any CPU
		{3D56E0AB-E198-4EAB-8344-777A8CDC282C}.Release|Any CPU.Build.0 = Release|Any CPU
		{13F4C430-48EE-4F7C-B7AB-8F0FEBF2AC58}.Debug|Any CPU.ActiveCfg = Debug|Any CPU
		{13F4C430-48EE-4F7C-B7AB-8F0FEBF2AC58}.Debug|Any CPU.Build.0 = Debug|Any CPU
		{13F4C430-48EE-4F7C-B7AB-8F0FEBF2AC58}.Release|Any CPU.ActiveCfg = Release|Any CPU
		{13F4C430-48EE-4F7C-B7AB-8F0FEBF2AC58}.Release|Any CPU.Build.0 = Release|Any CPU
	EndGlobalSection
	GlobalSection(SolutionProperties) = preSolution
		HideSolutionNode = FALSE
	EndGlobalSection
	GlobalSection(ExtensibilityGlobals) = postSolution
		SolutionGuid = {ABEEC411-4498-44FB-876E-2498095B6756}
	EndGlobalSection
EndGlobal
